
Microsoft Visual Studio Solution File, Format Version 12.00
# Visual Studio Version 16
VisualStudioVersion = 16.0.29215.179
MinimumVisualStudioVersion = 10.0.40219.1
Project("{FAE04EC0-301F-11D3-BF4B-00C04F79EFBC}") = "Datetimerpicker", "Datetimerpicker.csproj", "{72460321-6664-4DD0-BFC9-5039BCA59517}"
EndProject
Global
	GlobalSection(SolutionConfigurationPlatforms) = preSolution
		Debug|Any CPU = Debug|Any CPU
		Release|Any CPU = Release|Any CPU
	EndGlobalSection
	GlobalSection(ProjectConfigurationPlatforms) = postSolution
		{72460321-6664-4DD0-BFC9-5039BCA59517}.Debug|Any CPU.ActiveCfg = Debug|Any CPU
		{72460321-6664-4DD0-BFC9-5039BCA59517}.Debug|Any CPU.Build.0 = Debug|Any CPU
		{72460321-6664-4DD0-BFC9-5039BCA59517}.Release|Any CPU.ActiveCfg = Release|Any CPU
		{72460321-6664-4DD0-BFC9-5039BCA59517}.Release|Any CPU.Build.0 = Release|Any CPU
	EndGlobalSection
	GlobalSection(SolutionProperties) = preSolution
		HideSolutionNode = FALSE
	EndGlobalSection
	GlobalSection(ExtensibilityGlobals) = postSolution
		SolutionGuid = {E0CBCDAA-6FF1-4611-9ACB-C10E9064A168}
	EndGlobalSection
EndGlobal
